
Microsoft Visual Studio Solution File, Format Version 12.00
# Visual Studio Version 16
VisualStudioVersion = 16.0.29709.97
MinimumVisualStudioVersion = 10.0.40219.1
Project("{FAE04EC0-301F-11D3-BF4B-00C04F79EFBC}") = "Doctor_Patient_Portal", "Doctor_Patient_Portal\Doctor_Patient_Portal.csproj", "{439D0793-0E1B-4718-882A-63F776F3BB70}"
EndProject
Project("{FAE04EC0-301F-11D3-BF4B-00C04F79EFBC}") = "DTO", "DTO\DTO.csproj", "{698C3CC7-918C-4BA0-B7FF-4EA6E0199234}"
EndProject
Project("{FAE04EC0-301F-11D3-BF4B-00C04F79EFBC}") = "BusinessLayer", "BusinessLayer\BusinessLayer.csproj", "{3C133035-80C2-4DDA-BF3F-A3AA8747A972}"
EndProject
Global
	GlobalSection(SolutionConfigurationPlatforms) = preSolution
		Debug|Any CPU = Debug|Any CPU
		Release|Any CPU = Release|Any CPU
	EndGlobalSection
	GlobalSection(ProjectConfigurationPlatforms) = postSolution
		{439D0793-0E1B-4718-882A-63F776F3BB70}.Debug|Any CPU.ActiveCfg = Debug|Any CPU
		{439D0793-0E1B-4718-882A-63F776F3BB70}.Debug|Any CPU.Build.0 = Debug|Any CPU
		{439D0793-0E1B-4718-882A-63F776F3BB70}.Release|Any CPU.ActiveCfg = Release|Any CPU
		{439D0793-0E1B-4718-882A-63F776F3BB70}.Release|Any CPU.Build.0 = Release|Any CPU
		{698C3CC7-918C-4BA0-B7FF-4EA6E0199234}.Debug|Any CPU.ActiveCfg = Debug|Any CPU
		{698C3CC7-918C-4BA0-B7FF-4EA6E0199234}.Debug|Any CPU.Build.0 = Debug|Any CPU
		{698C3CC7-918C-4BA0-B7FF-4EA6E0199234}.Release|Any CPU.ActiveCfg = Release|Any CPU
		{698C3CC7-918C-4BA0-B7FF-4EA6E0199234}.Release|Any CPU.Build.0 = Release|Any CPU
		{3C133035-80C2-4DDA-BF3F-A3AA8747A972}.Debug|Any CPU.ActiveCfg = Debug|Any CPU
		{3C133035-80C2-4DDA-BF3F-A3AA8747A972}.Debug|Any CPU.Build.0 = Debug|Any CPU
		{3C133035-80C2-4DDA-BF3F-A3AA8747A972}.Release|Any CPU.ActiveCfg = Release|Any CPU
		{3C133035-80C2-4DDA-BF3F-A3AA8747A972}.Release|Any CPU.Build.0 = Release|Any CPU
	EndGlobalSection
	GlobalSection(SolutionProperties) = preSolution
		HideSolutionNode = FALSE
	EndGlobalSection
	GlobalSection(ExtensibilityGlobals) = postSolution
		SolutionGuid = {6E7956A7-1241-49CD-94CC-D8AEB85BB44F}
	EndGlobalSection
EndGlobal
